// !$*UTF8*$!
{
	archiveVersion = 1;
	classes = {
	};
	objectVersion = 50;
	objects = {

/* Begin PBXBuildFile section */
		E92F19C722727BC40050DEE6 /* OnePlayerViewController.swift in Sources */ = {isa = PBXBuildFile; fileRef = E92F19C622727BC40050DEE6 /* OnePlayerViewController.swift */; };
		E92F19C922727BD30050DEE6 /* TwoPlayerViewController.swift in Sources */ = {isa = PBXBuildFile; fileRef = E92F19C822727BD30050DEE6 /* TwoPlayerViewController.swift */; };
		E92F19CB22727BE50050DEE6 /* ConfigViewController.swift in Sources */ = {isa = PBXBuildFile; fileRef = E92F19CA22727BE50050DEE6 /* ConfigViewController.swift */; };
		E99BFE41227CEF600030B594 /* Game.swift in Sources */ = {isa = PBXBuildFile; fileRef = E99BFE40227CEF600030B594 /* Game.swift */; };
		E9BBF23622710B3F00C29BA0 /* AppDelegate.swift in Sources */ = {isa = PBXBuildFile; fileRef = E9BBF23522710B3F00C29BA0 /* AppDelegate.swift */; };
		E9BBF23822710B3F00C29BA0 /* MainMenuViewController.swift in Sources */ = {isa = PBXBuildFile; fileRef = E9BBF23722710B3F00C29BA0 /* MainMenuViewController.swift */; };
		E9BBF23B22710B3F00C29BA0 /* Main.storyboard in Resources */ = {isa = PBXBuildFile; fileRef = E9BBF23922710B3F00C29BA0 /* Main.storyboard */; };
		E9BBF23D22710B4000C29BA0 /* Assets.xcassets in Resources */ = {isa = PBXBuildFile; fileRef = E9BBF23C22710B4000C29BA0 /* Assets.xcassets */; };
		E9BBF24022710B4000C29BA0 /* LaunchScreen.storyboard in Resources */ = {isa = PBXBuildFile; fileRef = E9BBF23E22710B4000C29BA0 /* LaunchScreen.storyboard */; };
/* End PBXBuildFile section */

/* Begin PBXFileReference section */
		E92F19C622727BC40050DEE6 /* OnePlayerViewController.swift */ = {isa = PBXFileReference; lastKnownFileType = sourcecode.swift; path = OnePlayerViewController.swift; sourceTree = "<group>"; };
		E92F19C822727BD30050DEE6 /* TwoPlayerViewController.swift */ = {isa = PBXFileReference; lastKnownFileType = sourcecode.swift; path = TwoPlayerViewController.swift; sourceTree = "<group>"; };
		E92F19CA22727BE50050DEE6 /* ConfigViewController.swift */ = {isa = PBXFileReference; lastKnownFileType = sourcecode.swift; path = ConfigViewController.swift; sourceTree = "<group>"; };
		E99BFE40227CEF600030B594 /* Game.swift */ = {isa = PBXFileReference; lastKnownFileType = sourcecode.swift; path = Game.swift; sourceTree = "<group>"; };
		E9BBF23222710B3F00C29BA0 /* A Hint of Yahtzee.app */ = {isa = PBXFileReference; explicitFileType = wrapper.application; includeInIndex = 0; path = "A Hint of Yahtzee.app"; sourceTree = BUILT_PRODUCTS_DIR; };
		E9BBF23522710B3F00C29BA0 /* AppDelegate.swift */ = {isa = PBXFileReference; lastKnownFileType = sourcecode.swift; path = AppDelegate.swift; sourceTree = "<group>"; };
		E9BBF23722710B3F00C29BA0 /* MainMenuViewController.swift */ = {isa = PBXFileReference; lastKnownFileType = sourcecode.swift; path = MainMenuViewController.swift; sourceTree = "<group>"; };
		E9BBF23A22710B3F00C29BA0 /* Base */ = {isa = PBXFileReference; lastKnownFileType = file.storyboard; name = Base; path = Base.lproj/Main.storyboard; sourceTree = "<group>"; };
		E9BBF23C22710B4000C29BA0 /* Assets.xcassets */ = {isa = PBXFileReference; lastKnownFileType = folder.assetcatalog; path = Assets.xcassets; sourceTree = "<group>"; };
		E9BBF23F22710B4000C29BA0 /* Base */ = {isa = PBXFileReference; lastKnownFileType = file.storyboard; name = Base; path = Base.lproj/LaunchScreen.storyboard; sourceTree = "<group>"; };
		E9BBF24122710B4000C29BA0 /* Info.plist */ = {isa = PBXFileReference; lastKnownFileType = text.plist.xml; path = Info.plist; sourceTree = "<group>"; };
/* End PBXFileReference section */

/* Begin PBXFrameworksBuildPhase section */
		E9BBF22F22710B3F00C29BA0 /* Frameworks */ = {
			isa = PBXFrameworksBuildPhase;
			buildActionMask = 2147483647;
			files = (
			);
			runOnlyForDeploymentPostprocessing = 0;
		};
/* End PBXFrameworksBuildPhase section */

/* Begin PBXGroup section */
		E9BBF22922710B3F00C29BA0 = {
			isa = PBXGroup;
			children = (
				E9BBF23422710B3F00C29BA0 /* A Hint of Yahtzee */,
				E9BBF23322710B3F00C29BA0 /* Products */,
			);
			sourceTree = "<group>";
		};
		E9BBF23322710B3F00C29BA0 /* Products */ = {
			isa = PBXGroup;
			children = (
				E9BBF23222710B3F00C29BA0 /* A Hint of Yahtzee.app */,
			);
			name = Products;
			sourceTree = "<group>";
		};
		E9BBF23422710B3F00C29BA0 /* A Hint of Yahtzee */ = {
			isa = PBXGroup;
			children = (
				E9BBF23522710B3F00C29BA0 /* AppDelegate.swift */,
				E9BBF23722710B3F00C29BA0 /* MainMenuViewController.swift */,
				E92F19C622727BC40050DEE6 /* OnePlayerViewController.swift */,
				E92F19C822727BD30050DEE6 /* TwoPlayerViewController.swift */,
				E92F19CA22727BE50050DEE6 /* ConfigViewController.swift */,
				E9BBF23922710B3F00C29BA0 /* Main.storyboard */,
				E9BBF23C22710B4000C29BA0 /* Assets.xcassets */,
				E9BBF23E22710B4000C29BA0 /* LaunchScreen.storyboard */,
				E99BFE40227CEF600030B594 /* Game.swift */,
				E9BBF24122710B4000C29BA0 /* Info.plist */,
			);
			path = "A Hint of Yahtzee";
			sourceTree = "<group>";
		};
/* End PBXGroup section */

/* Begin PBXNativeTarget section */
		E9BBF23122710B3F00C29BA0 /* A Hint of Yahtzee */ = {
			isa = PBXNativeTarget;
			buildConfigurationList = E9BBF24422710B4000C29BA0 /* Build configuration list for PBXNativeTarget "A Hint of Yahtzee" */;
			buildPhases = (
				E9BBF22E22710B3F00C29BA0 /* Sources */,
				E9BBF22F22710B3F00C29BA0 /* Frameworks */,
				E9BBF23022710B3F00C29BA0 /* Resources */,
			);
			buildRules = (
			);
			dependencies = (
			);
			name = "A Hint of Yahtzee";
			productName = "A Hint of Yahtzee";
			productReference = E9BBF23222710B3F00C29BA0 /* A Hint of Yahtzee.app */;
			productType = "com.apple.product-type.application";
		};
/* End PBXNativeTarget section */

/* Begin PBXProject section */
		E9BBF22A22710B3F00C29BA0 /* Project object */ = {
			isa = PBXProject;
			attributes = {
				LastSwiftUpdateCheck = 1020;
				LastUpgradeCheck = 1020;
				ORGANIZATIONNAME = "Daniel Loftus";
				TargetAttributes = {
					E9BBF23122710B3F00C29BA0 = {
						CreatedOnToolsVersion = 10.2.1;
					};
				};
			};
			buildConfigurationList = E9BBF22D22710B3F00C29BA0 /* Build configuration list for PBXProject "A Hint of Yahtzee" */;
			compatibilityVersion = "Xcode 9.3";
			developmentRegion = en;
			hasScannedForEncodings = 0;
			knownRegions = (
				en,
				Base,
			);
			mainGroup = E9BBF22922710B3F00C29BA0;
			productRefGroup = E9BBF23322710B3F00C29BA0 /* Products */;
			projectDirPath = "";
			projectRoot = "";
			targets = (
				E9BBF23122710B3F00C29BA0 /* A Hint of Yahtzee */,
			);
		};
/* End PBXProject section */

/* Begin PBXResourcesBuildPhase section */
		E9BBF23022710B3F00C29BA0 /* Resources */ = {
			isa = PBXResourcesBuildPhase;
			buildActionMask = 2147483647;
			files = (
				E9BBF24022710B4000C29BA0 /* LaunchScreen.storyboard in Resources */,
				E9BBF23D22710B4000C29BA0 /* Assets.xcassets in Resources */,
				E9BBF23B22710B3F00C29BA0 /* Main.storyboard in Resources */,
			);
			runOnlyForDeploymentPostprocessing = 0;
		};
/* End PBXResourcesBuildPhase section */

/* Begin PBXSourcesBuildPhase section */
		E9BBF22E22710B3F00C29BA0 /* Sources */ = {
			isa = PBXSourcesBuildPhase;
			buildActionMask = 2147483647;
			files = (
				E92F19C722727BC40050DEE6 /* OnePlayerViewController.swift in Sources */,
				E99BFE41227CEF600030B594 /* Game.swift in Sources */,
				E9BBF23822710B3F00C29BA0 /* MainMenuViewController.swift in Sources */,
				E92F19C922727BD30050DEE6 /* TwoPlayerViewController.swift in Sources */,
				E92F19CB22727BE50050DEE6 /* ConfigViewController.swift in Sources */,
				E9BBF23622710B3F00C29BA0 /* AppDelegate.swift in Sources */,
			);
			runOnlyForDeploymentPostprocessing = 0;
		};
/* End PBXSourcesBuildPhase section */

/* Begin PBXVariantGroup section */
		E9BBF23922710B3F00C29BA0 /* Main.storyboard */ = {
			isa = PBXVariantGroup;
			children = (
				E9BBF23A22710B3F00C29BA0 /* Base */,
			);
			name = Main.storyboard;
			sourceTree = "<group>";
		};
		E9BBF23E22710B4000C29BA0 /* LaunchScreen.storyboard */ = {
			isa = PBXVariantGroup;
			children = (
				E9BBF23F22710B4000C29BA0 /* Base */,
			);
			name = LaunchScreen.storyboard;
			sourceTree = "<group>";
		};
/* End PBXVariantGroup section */

/* Begin XCBuildConfiguration section */
		E9BBF24222710B4000C29BA0 /* Debug */ = {
			isa = XCBuildConfiguration;
			buildSettings = {
				ALWAYS_SEARCH_USER_PATHS = NO;
				CLANG_ANALYZER_NONNULL = YES;
				CLANG_ANALYZER_NUMBER_OBJECT_CONVERSION = YES_AGGRESSIVE;
				CLANG_CXX_LANGUAGE_STANDARD = "gnu++14";
				CLANG_CXX_LIBRARY = "libc++";
				CLANG_ENABLE_MODULES = YES;
				CLANG_ENABLE_OBJC_ARC = YES;
				CLANG_ENABLE_OBJC_WEAK = YES;
				CLANG_WARN_BLOCK_CAPTURE_AUTORELEASING = YES;
				CLANG_WARN_BOOL_CONVERSION = YES;
				CLANG_WARN_COMMA = YES;
				CLANG_WARN_CONSTANT_CONVERSION = YES;
				CLANG_WARN_DEPRECATED_OBJC_IMPLEMENTATIONS = YES;
				CLANG_WARN_DIRECT_OBJC_ISA_USAGE = YES_ERROR;
				CLANG_WARN_DOCUMENTATION_COMMENTS = YES;
				CLANG_WARN_EMPTY_BODY = YES;
				CLANG_WARN_ENUM_CONVERSION = YES;
				CLANG_WARN_INFINITE_RECURSION = YES;
				CLANG_WARN_INT_CONVERSION = YES;
				CLANG_WARN_NON_LITERAL_NULL_CONVERSION = YES;
				CLANG_WARN_OBJC_IMPLICIT_RETAIN_SELF = YES;
				CLANG_WARN_OBJC_LITERAL_CONVERSION = YES;
				CLANG_WARN_OBJC_ROOT_CLASS = YES_ERROR;
				CLANG_WARN_RANGE_LOOP_ANALYSIS = YES;
				CLANG_WARN_STRICT_PROTOTYPES = YES;
				CLANG_WARN_SUSPICIOUS_MOVE = YES;
				CLANG_WARN_UNGUARDED_AVAILABILITY = YES_AGGRESSIVE;
				CLANG_WARN_UNREACHABLE_CODE = YES;
				CLANG_WARN__DUPLICATE_METHOD_MATCH = YES;
				CODE_SIGN_IDENTITY = "iPhone Developer";
				COPY_PHASE_STRIP = NO;
				DEBUG_INFORMATION_FORMAT = dwarf;
				ENABLE_STRICT_OBJC_MSGSEND = YES;
				ENABLE_TESTABILITY = YES;
				GCC_C_LANGUAGE_STANDARD = gnu11;
				GCC_DYNAMIC_NO_PIC = NO;
				GCC_NO_COMMON_BLOCKS = YES;
				GCC_OPTIMIZATION_LEVEL = 0;
				GCC_PREPROCESSOR_DEFINITIONS = (
					"DEBUG=1",
					"$(inherited)",
				);
				GCC_WARN_64_TO_32_BIT_CONVERSION = YES;
				GCC_WARN_ABOUT_RETURN_TYPE = YES_ERROR;
				GCC_WARN_UNDECLARED_SELECTOR = YES;
				GCC_WARN_UNINITIALIZED_AUTOS = YES_AGGRESSIVE;
				GCC_WARN_UNUSED_FUNCTION = YES;
				GCC_WARN_UNUSED_VARIABLE = YES;
				IPHONEOS_DEPLOYMENT_TARGET = 12.2;
				MTL_ENABLE_DEBUG_INFO = INCLUDE_SOURCE;
				MTL_FAST_MATH = YES;
				ONLY_ACTIVE_ARCH = YES;
				SDKROOT = iphoneos;
				SWIFT_ACTIVE_COMPILATION_CONDITIONS = DEBUG;
				SWIFT_OPTIMIZATION_LEVEL = "-Onone";
			};
			name = Debug;
		};
		E9BBF24322710B4000C29BA0 /* Release */ = {
			isa = XCBuildConfiguration;
			buildSettings = {
				ALWAYS_SEARCH_USER_PATHS = NO;
				CLANG_ANALYZER_NONNULL = YES;
				CLANG_ANALYZER_NUMBER_OBJECT_CONVERSION = YES_AGGRESSIVE;
				CLANG_CXX_LANGUAGE_STANDARD = "gnu++14";
				CLANG_CXX_LIBRARY = "libc++";
				CLANG_ENABLE_MODULES = YES;
				CLANG_ENABLE_OBJC_ARC = YES;
				CLANG_ENABLE_OBJC_WEAK = YES;
				CLANG_WARN_BLOCK_CAPTURE_AUTORELEASING = YES;
				CLANG_WARN_BOOL_CONVERSION = YES;
				CLANG_WARN_COMMA = YES;
				CLANG_WARN_CONSTANT_CONVERSION = YES;
				CLANG_WARN_DEPRECATED_OBJC_IMPLEMENTATIONS = YES;
				CLANG_WARN_DIRECT_OBJC_ISA_USAGE = YES_ERROR;
				CLANG_WARN_DOCUMENTATION_COMMENTS = YES;
				CLANG_WARN_EMPTY_BODY = YES;
				CLANG_WARN_ENUM_CONVERSION = YES;
				CLANG_WARN_INFINITE_RECURSION = YES;
				CLANG_WARN_INT_CONVERSION = YES;
				CLANG_WARN_NON_LITERAL_NULL_CONVERSION = YES;
				CLANG_WARN_OBJC_IMPLICIT_RETAIN_SELF = YES;
				CLANG_WARN_OBJC_LITERAL_CONVERSION = YES;
				CLANG_WARN_OBJC_ROOT_CLASS = YES_ERROR;
				CLANG_WARN_RANGE_LOOP_ANALYSIS = YES;
				CLANG_WARN_STRICT_PROTOTYPES = YES;
				CLANG_WARN_SUSPICIOUS_MOVE = YES;
				CLANG_WARN_UNGUARDED_AVAILABILITY = YES_AGGRESSIVE;
				CLANG_WARN_UNREACHABLE_CODE = YES;
				CLANG_WARN__DUPLICATE_METHOD_MATCH = YES;
				CODE_SIGN_IDENTITY = "iPhone Developer";
				COPY_PHASE_STRIP = NO;
				DEBUG_INFORMATION_FORMAT = "dwarf-with-dsym";
				ENABLE_NS_ASSERTIONS = NO;
				ENABLE_STRICT_OBJC_MSGSEND = YES;
				GCC_C_LANGUAGE_STANDARD = gnu11;
				GCC_NO_COMMON_BLOCKS = YES;
				GCC_WARN_64_TO_32_BIT_CONVERSION = YES;
				GCC_WARN_ABOUT_RETURN_TYPE = YES_ERROR;
				GCC_WARN_UNDECLARED_SELECTOR = YES;
				GCC_WARN_UNINITIALIZED_AUTOS = YES_AGGRESSIVE;
				GCC_WARN_UNUSED_FUNCTION = YES;
				GCC_WARN_UNUSED_VARIABLE = YES;
				IPHONEOS_DEPLOYMENT_TARGET = 12.2;
				MTL_ENABLE_DEBUG_INFO = NO;
				MTL_FAST_MATH = YES;
				SDKROOT = iphoneos;
				SWIFT_COMPILATION_MODE = wholemodule;
				SWIFT_OPTIMIZATION_LEVEL = "-O";
				VALIDATE_PRODUCT = YES;
			};
			name = Release;
		};
		E9BBF24522710B4000C29BA0 /* Debug */ = {
			isa = XCBuildConfiguration;
			buildSettings = {
				ASSETCATALOG_COMPILER_APPICON_NAME = AppIcon;
				CODE_SIGN_STYLE = Automatic;
				DEVELOPMENT_TEAM = 42M2MWLN43;
				INFOPLIST_FILE = "A Hint of Yahtzee/Info.plist";
				LD_RUNPATH_SEARCH_PATHS = (
					"$(inherited)",
					"@executable_path/Frameworks",
				);
				PRODUCT_BUNDLE_IDENTIFIER = "NONE.A-Hint-of-Yahtzee";
				PRODUCT_NAME = "$(TARGET_NAME)";
				SWIFT_VERSION = 5.0;
				TARGETED_DEVICE_FAMILY = "1,2";
			};
			name = Debug;
		};
		E9BBF24622710B4000C29BA0 /* Release */ = {
			isa = XCBuildConfiguration;
			buildSettings = {
				ASSETCATALOG_COMPILER_APPICON_NAME = AppIcon;
				CODE_SIGN_STYLE = Automatic;
				DEVELOPMENT_TEAM = 42M2MWLN43;
				INFOPLIST_FILE = "A Hint of Yahtzee/Info.plist";
				LD_RUNPATH_SEARCH_PATHS = (
					"$(inherited)",
					"@executable_path/Frameworks",
				);
				PRODUCT_BUNDLE_IDENTIFIER = "NONE.A-Hint-of-Yahtzee";
				PRODUCT_NAME = "$(TARGET_NAME)";
				SWIFT_VERSION = 5.0;
				TARGETED_DEVICE_FAMILY = "1,2";
			};
			name = Release;
		};
/* End XCBuildConfiguration section */

/* Begin XCConfigurationList section */
		E9BBF22D22710B3F00C29BA0 /* Build configuration list for PBXProject "A Hint of Yahtzee" */ = {
			isa = XCConfigurationList;
			buildConfigurations = (
				E9BBF24222710B4000C29BA0 /* Debug */,
				E9BBF24322710B4000C29BA0 /* Release */,
			);
			defaultConfigurationIsVisible = 0;
			defaultConfigurationName = Release;
		};
		E9BBF24422710B4000C29BA0 /* Build configuration list for PBXNativeTarget "A Hint of Yahtzee" */ = {
			isa = XCConfigurationList;
			buildConfigurations = (
				E9BBF24522710B4000C29BA0 /* Debug */,
				E9BBF24622710B4000C29BA0 /* Release */,
			);
			defaultConfigurationIsVisible = 0;
			defaultConfigurationName = Release;
		};
/* End XCConfigurationList section */
	};
	rootObject = E9BBF22A22710B3F00C29BA0 /* Project object */;
}
